{
  "name": "shift-query-cli",
  "version": "1.0.0",
  "lockfileVersion": 1,
  "requires": true,
  "dependencies": {
    "estraverse": {
      "version": "4.2.0",
      "resolved": "https://registry.npmjs.org/estraverse/-/estraverse-4.2.0.tgz",
      "integrity": "sha1-De4/7TH81GlhjOc0IJn8GvoL2xM="
    },
    "get-stdin": {
      "version": "7.0.0",
      "resolved": "https://registry.npmjs.org/get-stdin/-/get-stdin-7.0.0.tgz",
      "integrity": "sha512-zRKcywvrXlXsA0v0i9Io4KDRaAw7+a1ZpjRwl9Wox8PFlVCCHra7E9c4kqXCoCM9nR5tBkaTTZRBoCm60bFqTQ=="
    },
    "multimap": {
      "version": "1.0.2",
      "resolved": "https://registry.npmjs.org/multimap/-/multimap-1.0.2.tgz",
      "integrity": "sha1-aqdvwyM5BbqUi75MdNwsOgNW6zY="
    },
    "shift-ast": {
      "version": "6.0.0",
      "resolved": "https://registry.npmjs.org/shift-ast/-/shift-ast-6.0.0.tgz",
      "integrity": "sha512-XXxDcEBWVBzqWXfNYJlLyJ1/9kMvOXVRXiqPjkOrTCC5qRsBvEMJMRLLFhU3tn8ue56Y7IZyBE6bexFum5QLUw=="
    },
    "shift-parser": {
      "version": "7.0.0",
      "resolved": "https://registry.npmjs.org/shift-parser/-/shift-parser-7.0.0.tgz",
      "integrity": "sha512-YYnQdwBEPNiRkDYIPzYIl125ysIYeeDwlUk3lgXxFpJLJhtqrIpZgShacAdoDufSmVOSTDDdxPqfcSfDwVr6dw==",
      "requires": {
        "multimap": "^1.0.2",
        "shift-ast": "6.0.0",
        "shift-reducer": "6.0.0",
        "shift-regexp-acceptor": "2.0.2"
      }
    },
    "shift-query": {
      "version": "1.0.0",
      "resolved": "https://registry.npmjs.org/shift-query/-/shift-query-1.0.0.tgz",
      "integrity": "sha512-i/YIfVDPLRljgDj641cUGbvCFTaNE7wM0Ap2fHRzYkUN5a9iQfEySSYEje67eAYu6UzRERLGhSLjrm3PL6++cg==",
      "requires": {
        "shift-traverser": "^1.0.0"
      }
    },
    "shift-reducer": {
      "version": "6.0.0",
      "resolved": "https://registry.npmjs.org/shift-reducer/-/shift-reducer-6.0.0.tgz",
      "integrity": "sha512-2rJraRP8drIOjvaE/sALa+0tGJmMVUzlmS3wIJerJbaYuCjpFAiF0WjkTOFVtz1144Nm/ECmqeG+7yRhuMVsMg==",
      "requires": {
        "shift-ast": "6.0.0"
      }
    },
    "shift-regexp-acceptor": {
      "version": "2.0.2",
      "resolved": "https://registry.npmjs.org/shift-regexp-acceptor/-/shift-regexp-acceptor-2.0.2.tgz",
      "integrity": "sha512-gW7HMRFZe2mGrVmpv7ENPVIwe4bhJzvHpkT71ZZGQ3d9YaWAZrY3r5sCJ8Hwl/L0/t5n6eWJD+8gJB/r9AvBJQ==",
      "requires": {
        "unicode-match-property-ecmascript": "1.0.4",
        "unicode-match-property-value-ecmascript": "1.0.2",
        "unicode-property-aliases-ecmascript": "1.0.4"
      }
    },
    "shift-spec": {
      "version": "2018.0.0",
      "resolved": "https://registry.npmjs.org/shift-spec/-/shift-spec-2018.0.0.tgz",
      "integrity": "sha512-/aiPOkj7dbe+CV2VZhIMTHQToZmgniofpRG7Yr7x2/0sO6CSVC++py1Wzf+s+rWSTDHKcLvziVAxjRRV4i4EoQ=="
    },
    "shift-traverser": {
      "version": "1.0.0",
      "resolved": "https://registry.npmjs.org/shift-traverser/-/shift-traverser-1.0.0.tgz",
      "integrity": "sha512-DMY3512wJbdC+IC+nhLH3/Stgr2BbxbNcg7qyZ6+e5qNnNs8TBQJWdMsRgHlX1JXwF4C0ONKS8VUxsPT0Tf7aw==",
      "requires": {
        "estraverse": "4.2.0",
        "shift-spec": "2018.0.0"
      }
    },
    "unicode-canonical-property-names-ecmascript": {
      "version": "1.0.4",
      "resolved": "https://registry.npmjs.org/unicode-canonical-property-names-ecmascript/-/unicode-canonical-property-names-ecmascript-1.0.4.tgz",
      "integrity": "sha512-jDrNnXWHd4oHiTZnx/ZG7gtUTVp+gCcTTKr8L0HjlwphROEW3+Him+IpvC+xcJEFegapiMZyZe02CyuOnRmbnQ=="
    },
    "unicode-match-property-ecmascript": {
      "version": "1.0.4",
      "resolved": "https://registry.npmjs.org/unicode-match-property-ecmascript/-/unicode-match-property-ecmascript-1.0.4.tgz",
      "integrity": "sha512-L4Qoh15vTfntsn4P1zqnHulG0LdXgjSO035fEpdtp6YxXhMT51Q6vgM5lYdG/5X3MjS+k/Y9Xw4SFCY9IkR0rg==",
      "requires": {
        "unicode-canonical-property-names-ecmascript": "^1.0.4",
        "unicode-property-aliases-ecmascript": "^1.0.4"
      }
    },
    "unicode-match-property-value-ecmascript": {
      "version": "1.0.2",
      "resolved": "https://registry.npmjs.org/unicode-match-property-value-ecmascript/-/unicode-match-property-value-ecmascript-1.0.2.tgz",
      "integrity": "sha512-Rx7yODZC1L/T8XKo/2kNzVAQaRE88AaMvI1EF/Xnj3GW2wzN6fop9DDWuFAKUVFH7vozkz26DzP0qyWLKLIVPQ=="
    },
    "unicode-property-aliases-ecmascript": {
      "version": "1.0.4",
      "resolved": "https://registry.npmjs.org/unicode-property-aliases-ecmascript/-/unicode-property-aliases-ecmascript-1.0.4.tgz",
      "integrity": "sha512-2WSLa6OdYd2ng8oqiGIWnJqyFArvhn+5vgx5GTxMbUYjCYKUcuKS62YLFF0R/BDGlB1yzXjQOLtPAfHsgirEpg=="
    }
  }
}
